// !$*UTF8*$!
{
	archiveVersion = 1;
	classes = {
	};
	objectVersion = 48;
	objects = {

/* Begin PBXBuildFile section */
		CD220BBD1FDD11E5009D107C /* Day10.swift in Sources */ = {isa = PBXBuildFile; fileRef = CD220BBC1FDD11E5009D107C /* Day10.swift */; };
		CD28A3101FD7CDB300075A70 /* main.swift in Sources */ = {isa = PBXBuildFile; fileRef = CD28A30F1FD7CDB300075A70 /* main.swift */; };
		CD28A3171FD7CDD500075A70 /* Day06.swift in Sources */ = {isa = PBXBuildFile; fileRef = CD28A3161FD7CDD500075A70 /* Day06.swift */; };
		CD79F7CB1FD895BF0013D911 /* Day07.swift in Sources */ = {isa = PBXBuildFile; fileRef = CD79F7CA1FD895BF0013D911 /* Day07.swift */; };
		CD7F52341FDBB52A00367F28 /* Day09.swift in Sources */ = {isa = PBXBuildFile; fileRef = CD7F52331FDBB52A00367F28 /* Day09.swift */; };
		CDFB14BB1FDA536100AEACE8 /* Day08.swift in Sources */ = {isa = PBXBuildFile; fileRef = CDFB14BA1FDA536100AEACE8 /* Day08.swift */; };
/* End PBXBuildFile section */

/* Begin PBXCopyFilesBuildPhase section */
		CD28A30A1FD7CDB300075A70 /* CopyFiles */ = {
			isa = PBXCopyFilesBuildPhase;
			buildActionMask = 2147483647;
			dstPath = /usr/share/man/man1/;
			dstSubfolderSpec = 0;
			files = (
			);
			runOnlyForDeploymentPostprocessing = 1;
		};
/* End PBXCopyFilesBuildPhase section */

/* Begin PBXFileReference section */
		CD220BBC1FDD11E5009D107C /* Day10.swift */ = {isa = PBXFileReference; lastKnownFileType = sourcecode.swift; path = Day10.swift; sourceTree = "<group>"; };
		CD28A30C1FD7CDB300075A70 /* Advent Of Code 2017 */ = {isa = PBXFileReference; explicitFileType = "compiled.mach-o.executable"; includeInIndex = 0; path = "Advent Of Code 2017"; sourceTree = BUILT_PRODUCTS_DIR; };
		CD28A30F1FD7CDB300075A70 /* main.swift */ = {isa = PBXFileReference; lastKnownFileType = sourcecode.swift; path = main.swift; sourceTree = "<group>"; };
		CD28A3161FD7CDD500075A70 /* Day06.swift */ = {isa = PBXFileReference; lastKnownFileType = sourcecode.swift; path = Day06.swift; sourceTree = "<group>"; };
		CD79F7CA1FD895BF0013D911 /* Day07.swift */ = {isa = PBXFileReference; lastKnownFileType = sourcecode.swift; path = Day07.swift; sourceTree = "<group>"; };
		CD79F7CD1FD91A3D0013D911 /* Day07.txt */ = {isa = PBXFileReference; lastKnownFileType = text; path = Day07.txt; sourceTree = "<group>"; };
		CD7F52331FDBB52A00367F28 /* Day09.swift */ = {isa = PBXFileReference; lastKnownFileType = sourcecode.swift; path = Day09.swift; sourceTree = "<group>"; };
		CD7F52351FDBC38900367F28 /* Day09.txt */ = {isa = PBXFileReference; lastKnownFileType = text; path = Day09.txt; sourceTree = "<group>"; };
		CDFB14BA1FDA536100AEACE8 /* Day08.swift */ = {isa = PBXFileReference; lastKnownFileType = sourcecode.swift; path = Day08.swift; sourceTree = "<group>"; };
		CDFB14BC1FDA53F900AEACE8 /* Day08.txt */ = {isa = PBXFileReference; lastKnownFileType = text; path = Day08.txt; sourceTree = "<group>"; };
/* End PBXFileReference section */

/* Begin PBXFrameworksBuildPhase section */
		CD28A3091FD7CDB300075A70 /* Frameworks */ = {
			isa = PBXFrameworksBuildPhase;
			buildActionMask = 2147483647;
			files = (
			);
			runOnlyForDeploymentPostprocessing = 0;
		};
/* End PBXFrameworksBuildPhase section */

/* Begin PBXGroup section */
		CD28A3031FD7CDB300075A70 = {
			isa = PBXGroup;
			children = (
				CD28A30E1FD7CDB300075A70 /* Advent Of Code 2017 */,
				CD79F7CC1FD91A0A0013D911 /* Input */,
				CD28A30D1FD7CDB300075A70 /* Products */,
			);
			sourceTree = "<group>";
		};
		CD28A30D1FD7CDB300075A70 /* Products */ = {
			isa = PBXGroup;
			children = (
				CD28A30C1FD7CDB300075A70 /* Advent Of Code 2017 */,
			);
			name = Products;
			sourceTree = "<group>";
		};
		CD28A30E1FD7CDB300075A70 /* Advent Of Code 2017 */ = {
			isa = PBXGroup;
			children = (
				CD28A30F1FD7CDB300075A70 /* main.swift */,
				CD28A3161FD7CDD500075A70 /* Day06.swift */,
				CD79F7CA1FD895BF0013D911 /* Day07.swift */,
				CDFB14BA1FDA536100AEACE8 /* Day08.swift */,
				CD7F52331FDBB52A00367F28 /* Day09.swift */,
				CD220BBC1FDD11E5009D107C /* Day10.swift */,
			);
			path = "Advent Of Code 2017";
			sourceTree = "<group>";
		};
		CD79F7CC1FD91A0A0013D911 /* Input */ = {
			isa = PBXGroup;
			children = (
				CD79F7CD1FD91A3D0013D911 /* Day07.txt */,
				CDFB14BC1FDA53F900AEACE8 /* Day08.txt */,
				CD7F52351FDBC38900367F28 /* Day09.txt */,
			);
			path = Input;
			sourceTree = "<group>";
		};
/* End PBXGroup section */

/* Begin PBXNativeTarget section */
		CD28A30B1FD7CDB300075A70 /* Advent Of Code 2017 */ = {
			isa = PBXNativeTarget;
			buildConfigurationList = CD28A3131FD7CDB300075A70 /* Build configuration list for PBXNativeTarget "Advent Of Code 2017" */;
			buildPhases = (
				CD28A3081FD7CDB300075A70 /* Sources */,
				CD28A3091FD7CDB300075A70 /* Frameworks */,
				CD28A30A1FD7CDB300075A70 /* CopyFiles */,
			);
			buildRules = (
			);
			dependencies = (
			);
			name = "Advent Of Code 2017";
			productName = "Advent Of Code 2017";
			productReference = CD28A30C1FD7CDB300075A70 /* Advent Of Code 2017 */;
			productType = "com.apple.product-type.tool";
		};
/* End PBXNativeTarget section */

/* Begin PBXProject section */
		CD28A3041FD7CDB300075A70 /* Project object */ = {
			isa = PBXProject;
			attributes = {
				LastSwiftUpdateCheck = 0910;
				LastUpgradeCheck = 0910;
				ORGANIZATIONNAME = "Piro AB";
				TargetAttributes = {
					CD28A30B1FD7CDB300075A70 = {
						CreatedOnToolsVersion = 9.1;
						ProvisioningStyle = Automatic;
					};
				};
			};
			buildConfigurationList = CD28A3071FD7CDB300075A70 /* Build configuration list for PBXProject "Advent Of Code 2017" */;
			compatibilityVersion = "Xcode 8.0";
			developmentRegion = en;
			hasScannedForEncodings = 0;
			knownRegions = (
				en,
			);
			mainGroup = CD28A3031FD7CDB300075A70;
			productRefGroup = CD28A30D1FD7CDB300075A70 /* Products */;
			projectDirPath = "";
			projectRoot = "";
			targets = (
				CD28A30B1FD7CDB300075A70 /* Advent Of Code 2017 */,
			);
		};
/* End PBXProject section */

/* Begin PBXSourcesBuildPhase section */
		CD28A3081FD7CDB300075A70 /* Sources */ = {
			isa = PBXSourcesBuildPhase;
			buildActionMask = 2147483647;
			files = (
				CDFB14BB1FDA536100AEACE8 /* Day08.swift in Sources */,
				CD28A3171FD7CDD500075A70 /* Day06.swift in Sources */,
				CD28A3101FD7CDB300075A70 /* main.swift in Sources */,
				CD79F7CB1FD895BF0013D911 /* Day07.swift in Sources */,
				CD7F52341FDBB52A00367F28 /* Day09.swift in Sources */,
				CD220BBD1FDD11E5009D107C /* Day10.swift in Sources */,
			);
			runOnlyForDeploymentPostprocessing = 0;
		};
/* End PBXSourcesBuildPhase section */

/* Begin XCBuildConfiguration section */
		CD28A3111FD7CDB300075A70 /* Debug */ = {
			isa = XCBuildConfiguration;
			buildSettings = {
				ALWAYS_SEARCH_USER_PATHS = NO;
				CLANG_ANALYZER_NONNULL = YES;
				CLANG_ANALYZER_NUMBER_OBJECT_CONVERSION = YES_AGGRESSIVE;
				CLANG_CXX_LANGUAGE_STANDARD = "gnu++14";
				CLANG_CXX_LIBRARY = "libc++";
				CLANG_ENABLE_MODULES = YES;
				CLANG_ENABLE_OBJC_ARC = YES;
				CLANG_WARN_BLOCK_CAPTURE_AUTORELEASING = YES;
				CLANG_WARN_BOOL_CONVERSION = YES;
				CLANG_WARN_COMMA = YES;
				CLANG_WARN_CONSTANT_CONVERSION = YES;
				CLANG_WARN_DIRECT_OBJC_ISA_USAGE = YES_ERROR;
				CLANG_WARN_DOCUMENTATION_COMMENTS = YES;
				CLANG_WARN_EMPTY_BODY = YES;
				CLANG_WARN_ENUM_CONVERSION = YES;
				CLANG_WARN_INFINITE_RECURSION = YES;
				CLANG_WARN_INT_CONVERSION = YES;
				CLANG_WARN_NON_LITERAL_NULL_CONVERSION = YES;
				CLANG_WARN_OBJC_LITERAL_CONVERSION = YES;
				CLANG_WARN_OBJC_ROOT_CLASS = YES_ERROR;
				CLANG_WARN_RANGE_LOOP_ANALYSIS = YES;
				CLANG_WARN_STRICT_PROTOTYPES = YES;
				CLANG_WARN_SUSPICIOUS_MOVE = YES;
				CLANG_WARN_UNGUARDED_AVAILABILITY = YES_AGGRESSIVE;
				CLANG_WARN_UNREACHABLE_CODE = YES;
				CLANG_WARN__DUPLICATE_METHOD_MATCH = YES;
				CODE_SIGN_IDENTITY = "Mac Developer";
				COPY_PHASE_STRIP = NO;
				DEBUG_INFORMATION_FORMAT = dwarf;
				ENABLE_STRICT_OBJC_MSGSEND = YES;
				ENABLE_TESTABILITY = YES;
				GCC_C_LANGUAGE_STANDARD = gnu11;
				GCC_DYNAMIC_NO_PIC = NO;
				GCC_NO_COMMON_BLOCKS = YES;
				GCC_OPTIMIZATION_LEVEL = 0;
				GCC_PREPROCESSOR_DEFINITIONS = (
					"DEBUG=1",
					"$(inherited)",
				);
				GCC_WARN_64_TO_32_BIT_CONVERSION = YES;
				GCC_WARN_ABOUT_RETURN_TYPE = YES_ERROR;
				GCC_WARN_UNDECLARED_SELECTOR = YES;
				GCC_WARN_UNINITIALIZED_AUTOS = YES_AGGRESSIVE;
				GCC_WARN_UNUSED_FUNCTION = YES;
				GCC_WARN_UNUSED_VARIABLE = YES;
				MACOSX_DEPLOYMENT_TARGET = 10.13;
				MTL_ENABLE_DEBUG_INFO = YES;
				ONLY_ACTIVE_ARCH = YES;
				SDKROOT = macosx;
				SWIFT_ACTIVE_COMPILATION_CONDITIONS = DEBUG;
				SWIFT_OPTIMIZATION_LEVEL = "-Onone";
			};
			name = Debug;
		};
		CD28A3121FD7CDB300075A70 /* Release */ = {
			isa = XCBuildConfiguration;
			buildSettings = {
				ALWAYS_SEARCH_USER_PATHS = NO;
				CLANG_ANALYZER_NONNULL = YES;
				CLANG_ANALYZER_NUMBER_OBJECT_CONVERSION = YES_AGGRESSIVE;
				CLANG_CXX_LANGUAGE_STANDARD = "gnu++14";
				CLANG_CXX_LIBRARY = "libc++";
				CLANG_ENABLE_MODULES = YES;
				CLANG_ENABLE_OBJC_ARC = YES;
				CLANG_WARN_BLOCK_CAPTURE_AUTORELEASING = YES;
				CLANG_WARN_BOOL_CONVERSION = YES;
				CLANG_WARN_COMMA = YES;
				CLANG_WARN_CONSTANT_CONVERSION = YES;
				CLANG_WARN_DIRECT_OBJC_ISA_USAGE = YES_ERROR;
				CLANG_WARN_DOCUMENTATION_COMMENTS = YES;
				CLANG_WARN_EMPTY_BODY = YES;
				CLANG_WARN_ENUM_CONVERSION = YES;
				CLANG_WARN_INFINITE_RECURSION = YES;
				CLANG_WARN_INT_CONVERSION = YES;
				CLANG_WARN_NON_LITERAL_NULL_CONVERSION = YES;
				CLANG_WARN_OBJC_LITERAL_CONVERSION = YES;
				CLANG_WARN_OBJC_ROOT_CLASS = YES_ERROR;
				CLANG_WARN_RANGE_LOOP_ANALYSIS = YES;
				CLANG_WARN_STRICT_PROTOTYPES = YES;
				CLANG_WARN_SUSPICIOUS_MOVE = YES;
				CLANG_WARN_UNGUARDED_AVAILABILITY = YES_AGGRESSIVE;
				CLANG_WARN_UNREACHABLE_CODE = YES;
				CLANG_WARN__DUPLICATE_METHOD_MATCH = YES;
				CODE_SIGN_IDENTITY = "Mac Developer";
				COPY_PHASE_STRIP = NO;
				DEBUG_INFORMATION_FORMAT = "dwarf-with-dsym";
				ENABLE_NS_ASSERTIONS = NO;
				ENABLE_STRICT_OBJC_MSGSEND = YES;
				GCC_C_LANGUAGE_STANDARD = gnu11;
				GCC_NO_COMMON_BLOCKS = YES;
				GCC_WARN_64_TO_32_BIT_CONVERSION = YES;
				GCC_WARN_ABOUT_RETURN_TYPE = YES_ERROR;
				GCC_WARN_UNDECLARED_SELECTOR = YES;
				GCC_WARN_UNINITIALIZED_AUTOS = YES_AGGRESSIVE;
				GCC_WARN_UNUSED_FUNCTION = YES;
				GCC_WARN_UNUSED_VARIABLE = YES;
				MACOSX_DEPLOYMENT_TARGET = 10.13;
				MTL_ENABLE_DEBUG_INFO = NO;
				SDKROOT = macosx;
				SWIFT_OPTIMIZATION_LEVEL = "-Owholemodule";
			};
			name = Release;
		};
		CD28A3141FD7CDB300075A70 /* Debug */ = {
			isa = XCBuildConfiguration;
			buildSettings = {
				CODE_SIGN_STYLE = Automatic;
				DEVELOPMENT_TEAM = 7G9838TZF9;
				PRODUCT_NAME = "$(TARGET_NAME)";
				SWIFT_VERSION = 4.0;
			};
			name = Debug;
		};
		CD28A3151FD7CDB300075A70 /* Release */ = {
			isa = XCBuildConfiguration;
			buildSettings = {
				CODE_SIGN_STYLE = Automatic;
				DEVELOPMENT_TEAM = 7G9838TZF9;
				PRODUCT_NAME = "$(TARGET_NAME)";
				SWIFT_VERSION = 4.0;
			};
			name = Release;
		};
/* End XCBuildConfiguration section */

/* Begin XCConfigurationList section */
		CD28A3071FD7CDB300075A70 /* Build configuration list for PBXProject "Advent Of Code 2017" */ = {
			isa = XCConfigurationList;
			buildConfigurations = (
				CD28A3111FD7CDB300075A70 /* Debug */,
				CD28A3121FD7CDB300075A70 /* Release */,
			);
			defaultConfigurationIsVisible = 0;
			defaultConfigurationName = Release;
		};
		CD28A3131FD7CDB300075A70 /* Build configuration list for PBXNativeTarget "Advent Of Code 2017" */ = {
			isa = XCConfigurationList;
			buildConfigurations = (
				CD28A3141FD7CDB300075A70 /* Debug */,
				CD28A3151FD7CDB300075A70 /* Release */,
			);
			defaultConfigurationIsVisible = 0;
			defaultConfigurationName = Release;
		};
/* End XCConfigurationList section */
	};
	rootObject = CD28A3041FD7CDB300075A70 /* Project object */;
}
